
Microsoft Visual Studio Solution File, Format Version 12.00
# Visual Studio 15
VisualStudioVersion = 15.0.28010.2019
MinimumVisualStudioVersion = 10.0.40219.1
Project("{FAE04EC0-301F-11D3-BF4B-00C04F79EFBC}") = "Board15", "Board15\Board15.csproj", "{783FEBBA-F1B1-4348-A8FC-67B037BF4837}"
EndProject
Project("{FAE04EC0-301F-11D3-BF4B-00C04F79EFBC}") = "WinGame15", "WinGame15\WinGame15.csproj", "{BA580A09-D8D8-41EA-9CF2-5792C34AE006}"
EndProject
Global
	GlobalSection(SolutionConfigurationPlatforms) = preSolution
		Debug|Any CPU = Debug|Any CPU
		Release|Any CPU = Release|Any CPU
	EndGlobalSection
	GlobalSection(ProjectConfigurationPlatforms) = postSolution
		{783FEBBA-F1B1-4348-A8FC-67B037BF4837}.Debug|Any CPU.ActiveCfg = Debug|Any CPU
		{783FEBBA-F1B1-4348-A8FC-67B037BF4837}.Debug|Any CPU.Build.0 = Debug|Any CPU
		{783FEBBA-F1B1-4348-A8FC-67B037BF4837}.Release|Any CPU.ActiveCfg = Release|Any CPU
		{783FEBBA-F1B1-4348-A8FC-67B037BF4837}.Release|Any CPU.Build.0 = Release|Any CPU
		{BA580A09-D8D8-41EA-9CF2-5792C34AE006}.Debug|Any CPU.ActiveCfg = Debug|Any CPU
		{BA580A09-D8D8-41EA-9CF2-5792C34AE006}.Debug|Any CPU.Build.0 = Debug|Any CPU
		{BA580A09-D8D8-41EA-9CF2-5792C34AE006}.Release|Any CPU.ActiveCfg = Release|Any CPU
		{BA580A09-D8D8-41EA-9CF2-5792C34AE006}.Release|Any CPU.Build.0 = Release|Any CPU
	EndGlobalSection
	GlobalSection(SolutionProperties) = preSolution
		HideSolutionNode = FALSE
	EndGlobalSection
	GlobalSection(ExtensibilityGlobals) = postSolution
		SolutionGuid = {F06BE9A7-EF39-4992-AC98-D2476420D41D}
	EndGlobalSection
EndGlobal
